<?xml version="1.0" encoding="utf-8"?>
<Project ToolsVersion="16.0" xmlns="http://schemas.microsoft.com/developer/msbuild/2003">
  <ItemGroup>
    <ClCompile Include="C:\a\src\GUI_architectures\Game_loop\Game_loop.cpp">
      <Filter>Source Files</Filter>
    </ClCompile>
  </ItemGroup>
  <ItemGroup>
    <ClInclude Include="C:\a\src\GUI_architectures\Game_loop\Game_loop.h">
      <Filter>Header Files</Filter>
    </ClInclude>
  </ItemGroup>
  <ItemGroup>
    <CustomBuild Include="C:\a\src\GUI_architectures\Game_loop\CMakeLists.txt" />
  </ItemGroup>
  <ItemGroup>
    <Filter Include="Header Files">
      <UniqueIdentifier>{E9094DC7-FA71-35C5-AC30-4AF2CF22A86B}</UniqueIdentifier>
    </Filter>
    <Filter Include="Source Files">
      <UniqueIdentifier>{F317B554-690A-3374-AB67-99DE82922A68}</UniqueIdentifier>
    </Filter>
  </ItemGroup>
</Project>
